
Microsoft Visual Studio Solution File, Format Version 12.00
# Visual Studio 2015
Project("{FAE04EC0-301F-11D3-BF4B-00C04F79EFBC}") = "3rdPersonActionController.CSharp", "3rdPersonActionController.CSharp.csproj", "{37B6171C-9D6A-89D8-947C-03584D92161B}"
EndProject
Global
	GlobalSection(SolutionConfigurationPlatforms) = preSolution
		Debug|Any CPU = Debug|Any CPU
		Release|Any CPU = Release|Any CPU
	EndGlobalSection
	GlobalSection(ProjectConfigurationPlatforms) = postSolution
		{37B6171C-9D6A-89D8-947C-03584D92161B}.Debug|Any CPU.ActiveCfg = Debug|Any CPU
		{37B6171C-9D6A-89D8-947C-03584D92161B}.Debug|Any CPU.Build.0 = Debug|Any CPU
		{37B6171C-9D6A-89D8-947C-03584D92161B}.Release|Any CPU.ActiveCfg = Release|Any CPU
		{37B6171C-9D6A-89D8-947C-03584D92161B}.Release|Any CPU.Build.0 = Release|Any CPU
	EndGlobalSection
	GlobalSection(SolutionProperties) = preSolution
		HideSolutionNode = FALSE
	EndGlobalSection
EndGlobal
